
Microsoft Visual Studio Solution File, Format Version 12.00
# Visual Studio 15
VisualStudioVersion = 15.0.28010.2036
MinimumVisualStudioVersion = 10.0.40219.1
Project("{FAE04EC0-301F-11D3-BF4B-00C04F79EFBC}") = "TestProj.Test", "TestProj.Test\TestProj.Test.csproj", "{D6D299D8-BD11-4050-83CE-076A991F2579}"
EndProject
Project("{FAE04EC0-301F-11D3-BF4B-00C04F79EFBC}") = "TestProj.Business", "TestProj.Business\TestProj.Business.csproj", "{4C32D913-CA4F-420B-B464-B6A83B2D6E43}"
EndProject
Project("{FAE04EC0-301F-11D3-BF4B-00C04F79EFBC}") = "TestProj.Data", "TestProj.Data\TestProj.Data.csproj", "{C48F76D4-A059-45BF-B76B-6778423A22C0}"
EndProject
Project("{FAE04EC0-301F-11D3-BF4B-00C04F79EFBC}") = "TestProj.EFCodeFirst", "TestProj.EFCodeFirst\TestProj.EFCodeFirst.csproj", "{C257CEAC-062A-4D30-BF61-8B41A9BF51C0}"
EndProject
Global
	GlobalSection(SolutionConfigurationPlatforms) = preSolution
		Debug|Any CPU = Debug|Any CPU
		Release|Any CPU = Release|Any CPU
	EndGlobalSection
	GlobalSection(ProjectConfigurationPlatforms) = postSolution
		{D6D299D8-BD11-4050-83CE-076A991F2579}.Debug|Any CPU.ActiveCfg = Debug|Any CPU
		{D6D299D8-BD11-4050-83CE-076A991F2579}.Debug|Any CPU.Build.0 = Debug|Any CPU
		{D6D299D8-BD11-4050-83CE-076A991F2579}.Release|Any CPU.ActiveCfg = Release|Any CPU
		{D6D299D8-BD11-4050-83CE-076A991F2579}.Release|Any CPU.Build.0 = Release|Any CPU
		{4C32D913-CA4F-420B-B464-B6A83B2D6E43}.Debug|Any CPU.ActiveCfg = Debug|Any CPU
		{4C32D913-CA4F-420B-B464-B6A83B2D6E43}.Debug|Any CPU.Build.0 = Debug|Any CPU
		{4C32D913-CA4F-420B-B464-B6A83B2D6E43}.Release|Any CPU.ActiveCfg = Release|Any CPU
		{4C32D913-CA4F-420B-B464-B6A83B2D6E43}.Release|Any CPU.Build.0 = Release|Any CPU
		{C48F76D4-A059-45BF-B76B-6778423A22C0}.Debug|Any CPU.ActiveCfg = Debug|Any CPU
		{C48F76D4-A059-45BF-B76B-6778423A22C0}.Debug|Any CPU.Build.0 = Debug|Any CPU
		{C48F76D4-A059-45BF-B76B-6778423A22C0}.Release|Any CPU.ActiveCfg = Release|Any CPU
		{C48F76D4-A059-45BF-B76B-6778423A22C0}.Release|Any CPU.Build.0 = Release|Any CPU
		{C257CEAC-062A-4D30-BF61-8B41A9BF51C0}.Debug|Any CPU.ActiveCfg = Debug|Any CPU
		{C257CEAC-062A-4D30-BF61-8B41A9BF51C0}.Debug|Any CPU.Build.0 = Debug|Any CPU
		{C257CEAC-062A-4D30-BF61-8B41A9BF51C0}.Release|Any CPU.ActiveCfg = Release|Any CPU
		{C257CEAC-062A-4D30-BF61-8B41A9BF51C0}.Release|Any CPU.Build.0 = Release|Any CPU
	EndGlobalSection
	GlobalSection(SolutionProperties) = preSolution
		HideSolutionNode = FALSE
	EndGlobalSection
	GlobalSection(ExtensibilityGlobals) = postSolution
		SolutionGuid = {9527D36B-5AB3-41D8-95B9-69FC8E35CAF6}
	EndGlobalSection
EndGlobal
